
Microsoft Visual Studio Solution File, Format Version 12.00
# Visual Studio Version 17
VisualStudioVersion = 17.6.33829.357
MinimumVisualStudioVersion = 10.0.40219.1
Project("{8BC9CEB8-8B4A-11D0-8D11-00A0C91BC942}") = "block", "block.vcxproj", "{CC25F66F-5E38-459E-912F-10C2FD3C4085}"
EndProject
Global
	GlobalSection(SolutionConfigurationPlatforms) = preSolution
		Debug|x64 = Debug|x64
		Debug|x86 = Debug|x86
		Release|x64 = Release|x64
		Release|x86 = Release|x86
	EndGlobalSection
	GlobalSection(ProjectConfigurationPlatforms) = postSolution
		{CC25F66F-5E38-459E-912F-10C2FD3C4085}.Debug|x64.ActiveCfg = Debug|x64
		{CC25F66F-5E38-459E-912F-10C2FD3C4085}.Debug|x64.Build.0 = Debug|x64
		{CC25F66F-5E38-459E-912F-10C2FD3C4085}.Debug|x86.ActiveCfg = Debug|Win32
		{CC25F66F-5E38-459E-912F-10C2FD3C4085}.Debug|x86.Build.0 = Debug|Win32
		{CC25F66F-5E38-459E-912F-10C2FD3C4085}.Release|x64.ActiveCfg = Release|x64
		{CC25F66F-5E38-459E-912F-10C2FD3C4085}.Release|x64.Build.0 = Release|x64
		{CC25F66F-5E38-459E-912F-10C2FD3C4085}.Release|x86.ActiveCfg = Release|Win32
		{CC25F66F-5E38-459E-912F-10C2FD3C4085}.Release|x86.Build.0 = Release|Win32
	EndGlobalSection
	GlobalSection(SolutionProperties) = preSolution
		HideSolutionNode = FALSE
	EndGlobalSection
	GlobalSection(ExtensibilityGlobals) = postSolution
		SolutionGuid = {F0DD3CDB-4913-4F49-92AB-6613B9B5BC8C}
	EndGlobalSection
EndGlobal
